# This file is automatically @generated by Cargo.
# It is not intended for manual editing.
version = 3

[[package]]
name = "bitflags"
version = "1.3.2"
source = "registry+https://github.com/rust-lang/crates.io-index"
checksum = "bef38d45163c2f1dde094a7dfd33ccf595c92905c8f8f4fdc18d06fb1037718a"

[[package]]
name = "dotenvy"
version = "0.15.6"
source = "registry+https://github.com/rust-lang/crates.io-index"
checksum = "03d8c417d7a8cb362e0c37e5d815f5eb7c37f79ff93707329d5a194e42e54ca0"

[[package]]
name = "taichi-runtime"
version = "0.0.6+1.3.0"
dependencies = [
 "bitflags",
 "taichi-sys",
]

[[package]]
name = "taichi-sys"
version = "0.0.7+1.3.0"
dependencies = [
 "bitflags",
 "dotenvy",
]
